// !$*UTF8*$!
{
	archiveVersion = 1;
	classes = {
	};
	objectVersion = 51;
	objects = {

/* Begin PBXBuildFile section */
		AC5CA3BD853A267F0FFD7FB2 /* Pods_EksiSozlukKlon.framework in Frameworks */ = {isa = PBXBuildFile; fileRef = 0B15CD14E892D2DE0529BD47 /* Pods_EksiSozlukKlon.framework */; };
		BA01156C261453CC00E4799B /* LoginViewController.swift in Sources */ = {isa = PBXBuildFile; fileRef = BA01156B261453CC00E4799B /* LoginViewController.swift */; };
		BA0115712614543300E4799B /* StackEksi.swift in Sources */ = {isa = PBXBuildFile; fileRef = BA0115702614543300E4799B /* StackEksi.swift */; };
		BA0115742614814100E4799B /* LoginViewModel.swift in Sources */ = {isa = PBXBuildFile; fileRef = BA0115732614814000E4799B /* LoginViewModel.swift */; };
		BA0115772614932100E4799B /* LogMutualView.swift in Sources */ = {isa = PBXBuildFile; fileRef = BA0115762614932100E4799B /* LogMutualView.swift */; };
		BA2497A82613A8C3002B00F0 /* MutualUnregisterViewController.swift in Sources */ = {isa = PBXBuildFile; fileRef = BA2497A72613A8C3002B00F0 /* MutualUnregisterViewController.swift */; };
		BA648EDA2615B6BD00972746 /* FirebaseService.swift in Sources */ = {isa = PBXBuildFile; fileRef = BA648ED92615B6BD00972746 /* FirebaseService.swift */; };
		BA648EDE2615C02B00972746 /* UserStruct.swift in Sources */ = {isa = PBXBuildFile; fileRef = BA648EDD2615C02B00972746 /* UserStruct.swift */; };
		BA648F032615CB6B00972746 /* LoginModel.swift in Sources */ = {isa = PBXBuildFile; fileRef = BA648F022615CB6B00972746 /* LoginModel.swift */; };
		BA648F062615DCEB00972746 /* LogupModel.swift in Sources */ = {isa = PBXBuildFile; fileRef = BA648F052615DCEB00972746 /* LogupModel.swift */; };
		BA648F0A2615E73C00972746 /* Date.swift in Sources */ = {isa = PBXBuildFile; fileRef = BA648F092615E73C00972746 /* Date.swift */; };
		BA648F0D2615FA0600972746 /* Status.swift in Sources */ = {isa = PBXBuildFile; fileRef = BA648F0C2615FA0600972746 /* Status.swift */; };
		BA67C6E72616E8CC00A064C9 /* CommentViewCell.swift in Sources */ = {isa = PBXBuildFile; fileRef = BA67C6E62616E8CC00A064C9 /* CommentViewCell.swift */; };
		BA67C6F62616F0D000A064C9 /* EntryStruct.swift in Sources */ = {isa = PBXBuildFile; fileRef = BA67C6F52616F0D000A064C9 /* EntryStruct.swift */; };
		BA67C6F92616F79900A064C9 /* Constant.swift in Sources */ = {isa = PBXBuildFile; fileRef = BA67C6F82616F79900A064C9 /* Constant.swift */; };
		BA67C6FD2616F9E800A064C9 /* BugunModel.swift in Sources */ = {isa = PBXBuildFile; fileRef = BA67C6FC2616F9E800A064C9 /* BugunModel.swift */; };
		BA67C70826173CC800A064C9 /* CommentStruct.swift in Sources */ = {isa = PBXBuildFile; fileRef = BA67C70726173CC800A064C9 /* CommentStruct.swift */; };
		BA67E8502614A9EF006B11F1 /* LogupViewModel.swift in Sources */ = {isa = PBXBuildFile; fileRef = BA67E84F2614A9EF006B11F1 /* LogupViewModel.swift */; };
		BA67E8552615A21C006B11F1 /* LogupViewController.swift in Sources */ = {isa = PBXBuildFile; fileRef = BA67E8542615A21C006B11F1 /* LogupViewController.swift */; };
		BA68F39B261BA47600BA92E6 /* SingleCommentViewController.swift in Sources */ = {isa = PBXBuildFile; fileRef = BA68F39A261BA47600BA92E6 /* SingleCommentViewController.swift */; };
		BA7015AD2626CA8E00DDF305 /* DebeModel.swift in Sources */ = {isa = PBXBuildFile; fileRef = BA7015AC2626CA8E00DDF305 /* DebeModel.swift */; };
		BA781DAF26122DC5000C4B0B /* AppDelegate.swift in Sources */ = {isa = PBXBuildFile; fileRef = BA781DAE26122DC5000C4B0B /* AppDelegate.swift */; };
		BA781DB126122DC5000C4B0B /* SceneDelegate.swift in Sources */ = {isa = PBXBuildFile; fileRef = BA781DB026122DC5000C4B0B /* SceneDelegate.swift */; };
		BA781DB626122DC5000C4B0B /* Main.storyboard in Resources */ = {isa = PBXBuildFile; fileRef = BA781DB426122DC5000C4B0B /* Main.storyboard */; };
		BA781DB826122DC5000C4B0B /* Assets.xcassets in Resources */ = {isa = PBXBuildFile; fileRef = BA781DB726122DC5000C4B0B /* Assets.xcassets */; };
		BA781DBB26122DC5000C4B0B /* LaunchScreen.storyboard in Resources */ = {isa = PBXBuildFile; fileRef = BA781DB926122DC5000C4B0B /* LaunchScreen.storyboard */; };
		BA781DD026122FAF000C4B0B /* TabBar.swift in Sources */ = {isa = PBXBuildFile; fileRef = BA781DCF26122FAF000C4B0B /* TabBar.swift */; };
		BA781DD426123041000C4B0B /* Tabbar.swift in Sources */ = {isa = PBXBuildFile; fileRef = BA781DD326123041000C4B0B /* Tabbar.swift */; };
		BA781DD826123074000C4B0B /* Collections.swift in Sources */ = {isa = PBXBuildFile; fileRef = BA781DD726123074000C4B0B /* Collections.swift */; };
		BA781DDD261230A5000C4B0B /* UIButton.swift in Sources */ = {isa = PBXBuildFile; fileRef = BA781DDC261230A5000C4B0B /* UIButton.swift */; };
		BA781DE32612310C000C4B0B /* MainPageController.swift in Sources */ = {isa = PBXBuildFile; fileRef = BA781DE22612310C000C4B0B /* MainPageController.swift */; };
		BA781DE626123131000C4B0B /* MainPageCell.swift in Sources */ = {isa = PBXBuildFile; fileRef = BA781DE526123131000C4B0B /* MainPageCell.swift */; };
		BA781DE92612314C000C4B0B /* MainPageViewModel.swift in Sources */ = {isa = PBXBuildFile; fileRef = BA781DE82612314C000C4B0B /* MainPageViewModel.swift */; };
		BA781DEF2612318F000C4B0B /* GundemView.swift in Sources */ = {isa = PBXBuildFile; fileRef = BA781DEE2612318F000C4B0B /* GundemView.swift */; };
		BA781DF4261231E1000C4B0B /* MessageUnsigned.swift in Sources */ = {isa = PBXBuildFile; fileRef = BA781DF3261231E1000C4B0B /* MessageUnsigned.swift */; };
		BA781DFA26123223000C4B0B /* SearchPage.swift in Sources */ = {isa = PBXBuildFile; fileRef = BA781DF926123223000C4B0B /* SearchPage.swift */; };
		BA781DFF2612324F000C4B0B /* UpdateUnsigned.swift in Sources */ = {isa = PBXBuildFile; fileRef = BA781DFE2612324F000C4B0B /* UpdateUnsigned.swift */; };
		BA781E042612328B000C4B0B /* UserControlUnsigned.swift in Sources */ = {isa = PBXBuildFile; fileRef = BA781E032612328B000C4B0B /* UserControlUnsigned.swift */; };
		BA781E0A2612337A000C4B0B /* MainTableView.swift in Sources */ = {isa = PBXBuildFile; fileRef = BA781E092612337A000C4B0B /* MainTableView.swift */; };
		BA781E0E26123CB0000C4B0B /* BugunView.swift in Sources */ = {isa = PBXBuildFile; fileRef = BA781E0D26123CB0000C4B0B /* BugunView.swift */; };
		BA781E1426123D95000C4B0B /* DebeView.swift in Sources */ = {isa = PBXBuildFile; fileRef = BA781E1326123D95000C4B0B /* DebeView.swift */; };
		BA781E192612576D000C4B0B /* BasicView.swift in Sources */ = {isa = PBXBuildFile; fileRef = BA781E182612576D000C4B0B /* BasicView.swift */; };
		BA781E1E26130DC4000C4B0B /* SorunsallarView.swift in Sources */ = {isa = PBXBuildFile; fileRef = BA781E1D26130DC4000C4B0B /* SorunsallarView.swift */; };
		BA781E3526131961000C4B0B /* GoogleService-Info.plist in Resources */ = {isa = PBXBuildFile; fileRef = BA781E3426131961000C4B0B /* GoogleService-Info.plist */; };
		BA7D38E72618CC5C0019838A /* CommentsTableViewController.swift in Sources */ = {isa = PBXBuildFile; fileRef = BA7D38E62618CC5C0019838A /* CommentsTableViewController.swift */; };
		BA7D38EA2618CCC10019838A /* CommentNavController.swift in Sources */ = {isa = PBXBuildFile; fileRef = BA7D38E92618CCC10019838A /* CommentNavController.swift */; };
		BA7EB1F7261C35D100F1CB68 /* SingleCommentMain.swift in Sources */ = {isa = PBXBuildFile; fileRef = BA7EB1F6261C35D100F1CB68 /* SingleCommentMain.swift */; };
		BA7EB1FB261C35E600F1CB68 /* SingleCommentBottom.swift in Sources */ = {isa = PBXBuildFile; fileRef = BA7EB1FA261C35E600F1CB68 /* SingleCommentBottom.swift */; };
		BA7EB205261C86F300F1CB68 /* AddNewCommentViewController.swift in Sources */ = {isa = PBXBuildFile; fileRef = BA7EB204261C86F300F1CB68 /* AddNewCommentViewController.swift */; };
		BA7EB209261C943F00F1CB68 /* AddNewCommentModel.swift in Sources */ = {isa = PBXBuildFile; fileRef = BA7EB208261C943F00F1CB68 /* AddNewCommentModel.swift */; };
		BA7F444B262065EB00751055 /* Firebase.swift in Sources */ = {isa = PBXBuildFile; fileRef = BA7F444A262065EB00751055 /* Firebase.swift */; };
		BA7F444F262077B200751055 /* UIView.swift in Sources */ = {isa = PBXBuildFile; fileRef = BA7F444E262077B200751055 /* UIView.swift */; };
		BA82DE35261B2DCB0053DA4A /* CommentNavMenuTopComponent.swift in Sources */ = {isa = PBXBuildFile; fileRef = BA82DE34261B2DCB0053DA4A /* CommentNavMenuTopComponent.swift */; };
		BA82DE3E261B41A60053DA4A /* CommentsTableModel.swift in Sources */ = {isa = PBXBuildFile; fileRef = BA82DE3D261B41A60053DA4A /* CommentsTableModel.swift */; };
		BA82DE41261B41F50053DA4A /* CommentNavigationMenuView.swift in Sources */ = {isa = PBXBuildFile; fileRef = BA82DE40261B41F50053DA4A /* CommentNavigationMenuView.swift */; };
		BA85E8F3261DA7CC00F9EC77 /* FavoriteStruct.swift in Sources */ = {isa = PBXBuildFile; fileRef = BA85E8F2261DA7CC00F9EC77 /* FavoriteStruct.swift */; };
		BA85E8F6261DDA4200F9EC77 /* LikeStruct.swift in Sources */ = {isa = PBXBuildFile; fileRef = BA85E8F5261DDA4200F9EC77 /* LikeStruct.swift */; };
		BA85E8FA261DEDFD00F9EC77 /* UIViewController.swift in Sources */ = {isa = PBXBuildFile; fileRef = BA85E8F9261DEDFD00F9EC77 /* UIViewController.swift */; };
		BA8C9E41261F9EED00DC6055 /* CommentCellBottom.swift in Sources */ = {isa = PBXBuildFile; fileRef = BA8C9E40261F9EED00DC6055 /* CommentCellBottom.swift */; };
		BA8C9E45261FA2A200DC6055 /* CommentTableCell.swift in Sources */ = {isa = PBXBuildFile; fileRef = BA8C9E44261FA2A200DC6055 /* CommentTableCell.swift */; };
		BA8C9E48261FB5FA00DC6055 /* CommentCellBottomModel.swift in Sources */ = {isa = PBXBuildFile; fileRef = BA8C9E47261FB5FA00DC6055 /* CommentCellBottomModel.swift */; };
		BAA7BA1C26218F6100D872E1 /* GundemModel.swift in Sources */ = {isa = PBXBuildFile; fileRef = BAA7BA1B26218F6100D872E1 /* GundemModel.swift */; };
		BAA7BA272621F8C500D872E1 /* customAlert.swift in Sources */ = {isa = PBXBuildFile; fileRef = BAA7BA262621F8C500D872E1 /* customAlert.swift */; };
		BAA7BA2B2624579000D872E1 /* CustomAlertCell.swift in Sources */ = {isa = PBXBuildFile; fileRef = BAA7BA2A2624579000D872E1 /* CustomAlertCell.swift */; };
		BAA7BA32262468FE00D872E1 /* GundemSettingsStruct.swift in Sources */ = {isa = PBXBuildFile; fileRef = BAA7BA31262468FE00D872E1 /* GundemSettingsStruct.swift */; };
/* End PBXBuildFile section */

/* Begin PBXFileReference section */
		00229550F8EBC9348CE2000A /* Pods-EksiSozlukKlon.debug.xcconfig */ = {isa = PBXFileReference; includeInIndex = 1; lastKnownFileType = text.xcconfig; name = "Pods-EksiSozlukKlon.debug.xcconfig"; path = "Target Support Files/Pods-EksiSozlukKlon/Pods-EksiSozlukKlon.debug.xcconfig"; sourceTree = "<group>"; };
		0B15CD14E892D2DE0529BD47 /* Pods_EksiSozlukKlon.framework */ = {isa = PBXFileReference; explicitFileType = wrapper.framework; includeInIndex = 0; path = Pods_EksiSozlukKlon.framework; sourceTree = BUILT_PRODUCTS_DIR; };
		2F89CC3FEECF3D0EC96C41F1 /* Pods-EksiSozlukKlon.release.xcconfig */ = {isa = PBXFileReference; includeInIndex = 1; lastKnownFileType = text.xcconfig; name = "Pods-EksiSozlukKlon.release.xcconfig"; path = "Target Support Files/Pods-EksiSozlukKlon/Pods-EksiSozlukKlon.release.xcconfig"; sourceTree = "<group>"; };
		BA01156B261453CC00E4799B /* LoginViewController.swift */ = {isa = PBXFileReference; lastKnownFileType = sourcecode.swift; path = LoginViewController.swift; sourceTree = "<group>"; };
		BA0115702614543300E4799B /* StackEksi.swift */ = {isa = PBXFileReference; lastKnownFileType = sourcecode.swift; path = StackEksi.swift; sourceTree = "<group>"; };
		BA0115732614814000E4799B /* LoginViewModel.swift */ = {isa = PBXFileReference; lastKnownFileType = sourcecode.swift; path = LoginViewModel.swift; sourceTree = "<group>"; };
		BA0115762614932100E4799B /* LogMutualView.swift */ = {isa = PBXFileReference; lastKnownFileType = sourcecode.swift; path = LogMutualView.swift; sourceTree = "<group>"; };
		BA2497A72613A8C3002B00F0 /* MutualUnregisterViewController.swift */ = {isa = PBXFileReference; lastKnownFileType = sourcecode.swift; path = MutualUnregisterViewController.swift; sourceTree = "<group>"; };
		BA648ED92615B6BD00972746 /* FirebaseService.swift */ = {isa = PBXFileReference; lastKnownFileType = sourcecode.swift; path = FirebaseService.swift; sourceTree = "<group>"; };
		BA648EDD2615C02B00972746 /* UserStruct.swift */ = {isa = PBXFileReference; lastKnownFileType = sourcecode.swift; path = UserStruct.swift; sourceTree = "<group>"; };
		BA648F022615CB6B00972746 /* LoginModel.swift */ = {isa = PBXFileReference; lastKnownFileType = sourcecode.swift; path = LoginModel.swift; sourceTree = "<group>"; };
		BA648F052615DCEB00972746 /* LogupModel.swift */ = {isa = PBXFileReference; lastKnownFileType = sourcecode.swift; path = LogupModel.swift; sourceTree = "<group>"; };
		BA648F092615E73C00972746 /* Date.swift */ = {isa = PBXFileReference; lastKnownFileType = sourcecode.swift; path = Date.swift; sourceTree = "<group>"; };
		BA648F0C2615FA0600972746 /* Status.swift */ = {isa = PBXFileReference; lastKnownFileType = sourcecode.swift; path = Status.swift; sourceTree = "<group>"; };
		BA67C6E62616E8CC00A064C9 /* CommentViewCell.swift */ = {isa = PBXFileReference; lastKnownFileType = sourcecode.swift; path = CommentViewCell.swift; sourceTree = "<group>"; };
		BA67C6F52616F0D000A064C9 /* EntryStruct.swift */ = {isa = PBXFileReference; fileEncoding = 4; lastKnownFileType = sourcecode.swift; path = EntryStruct.swift; sourceTree = "<group>"; };
		BA67C6F82616F79900A064C9 /* Constant.swift */ = {isa = PBXFileReference; lastKnownFileType = sourcecode.swift; path = Constant.swift; sourceTree = "<group>"; };
		BA67C6FC2616F9E800A064C9 /* BugunModel.swift */ = {isa = PBXFileReference; lastKnownFileType = sourcecode.swift; path = BugunModel.swift; sourceTree = "<group>"; };
		BA67C70726173CC800A064C9 /* CommentStruct.swift */ = {isa = PBXFileReference; lastKnownFileType = sourcecode.swift; path = CommentStruct.swift; sourceTree = "<group>"; };
		BA67E84F2614A9EF006B11F1 /* LogupViewModel.swift */ = {isa = PBXFileReference; lastKnownFileType = sourcecode.swift; path = LogupViewModel.swift; sourceTree = "<group>"; };
		BA67E8542615A21C006B11F1 /* LogupViewController.swift */ = {isa = PBXFileReference; lastKnownFileType = sourcecode.swift; path = LogupViewController.swift; sourceTree = "<group>"; };
		BA68F39A261BA47600BA92E6 /* SingleCommentViewController.swift */ = {isa = PBXFileReference; lastKnownFileType = sourcecode.swift; path = SingleCommentViewController.swift; sourceTree = "<group>"; };
		BA7015AC2626CA8E00DDF305 /* DebeModel.swift */ = {isa = PBXFileReference; lastKnownFileType = sourcecode.swift; path = DebeModel.swift; sourceTree = "<group>"; };
		BA781DAB26122DC5000C4B0B /* EksiSozlukKlon.app */ = {isa = PBXFileReference; explicitFileType = wrapper.application; includeInIndex = 0; path = EksiSozlukKlon.app; sourceTree = BUILT_PRODUCTS_DIR; };
		BA781DAE26122DC5000C4B0B /* AppDelegate.swift */ = {isa = PBXFileReference; lastKnownFileType = sourcecode.swift; path = AppDelegate.swift; sourceTree = "<group>"; };
		BA781DB026122DC5000C4B0B /* SceneDelegate.swift */ = {isa = PBXFileReference; lastKnownFileType = sourcecode.swift; path = SceneDelegate.swift; sourceTree = "<group>"; };
		BA781DB526122DC5000C4B0B /* Base */ = {isa = PBXFileReference; lastKnownFileType = file.storyboard; name = Base; path = Base.lproj/Main.storyboard; sourceTree = "<group>"; };
		BA781DB726122DC5000C4B0B /* Assets.xcassets */ = {isa = PBXFileReference; lastKnownFileType = folder.assetcatalog; path = Assets.xcassets; sourceTree = "<group>"; };
		BA781DBA26122DC5000C4B0B /* Base */ = {isa = PBXFileReference; lastKnownFileType = file.storyboard; name = Base; path = Base.lproj/LaunchScreen.storyboard; sourceTree = "<group>"; };
		BA781DBC26122DC5000C4B0B /* Info.plist */ = {isa = PBXFileReference; lastKnownFileType = text.plist.xml; path = Info.plist; sourceTree = "<group>"; };
		BA781DCF26122FAF000C4B0B /* TabBar.swift */ = {isa = PBXFileReference; lastKnownFileType = sourcecode.swift; path = TabBar.swift; sourceTree = "<group>"; };
		BA781DD326123041000C4B0B /* Tabbar.swift */ = {isa = PBXFileReference; lastKnownFileType = sourcecode.swift; path = Tabbar.swift; sourceTree = "<group>"; };
		BA781DD726123074000C4B0B /* Collections.swift */ = {isa = PBXFileReference; lastKnownFileType = sourcecode.swift; path = Collections.swift; sourceTree = "<group>"; };
		BA781DDC261230A5000C4B0B /* UIButton.swift */ = {isa = PBXFileReference; lastKnownFileType = sourcecode.swift; path = UIButton.swift; sourceTree = "<group>"; };
		BA781DE22612310C000C4B0B /* MainPageController.swift */ = {isa = PBXFileReference; lastKnownFileType = sourcecode.swift; path = MainPageController.swift; sourceTree = "<group>"; };
		BA781DE526123131000C4B0B /* MainPageCell.swift */ = {isa = PBXFileReference; lastKnownFileType = sourcecode.swift; path = MainPageCell.swift; sourceTree = "<group>"; };
		BA781DE82612314C000C4B0B /* MainPageViewModel.swift */ = {isa = PBXFileReference; lastKnownFileType = sourcecode.swift; path = MainPageViewModel.swift; sourceTree = "<group>"; };
		BA781DEE2612318F000C4B0B /* GundemView.swift */ = {isa = PBXFileReference; lastKnownFileType = sourcecode.swift; path = GundemView.swift; sourceTree = "<group>"; };
		BA781DF3261231E1000C4B0B /* MessageUnsigned.swift */ = {isa = PBXFileReference; lastKnownFileType = sourcecode.swift; path = MessageUnsigned.swift; sourceTree = "<group>"; };
		BA781DF926123223000C4B0B /* SearchPage.swift */ = {isa = PBXFileReference; lastKnownFileType = sourcecode.swift; path = SearchPage.swift; sourceTree = "<group>"; };
		BA781DFE2612324F000C4B0B /* UpdateUnsigned.swift */ = {isa = PBXFileReference; lastKnownFileType = sourcecode.swift; path = UpdateUnsigned.swift; sourceTree = "<group>"; };
		BA781E032612328B000C4B0B /* UserControlUnsigned.swift */ = {isa = PBXFileReference; lastKnownFileType = sourcecode.swift; path = UserControlUnsigned.swift; sourceTree = "<group>"; };
		BA781E092612337A000C4B0B /* MainTableView.swift */ = {isa = PBXFileReference; lastKnownFileType = sourcecode.swift; path = MainTableView.swift; sourceTree = "<group>"; };
		BA781E0D26123CB0000C4B0B /* BugunView.swift */ = {isa = PBXFileReference; lastKnownFileType = sourcecode.swift; path = BugunView.swift; sourceTree = "<group>"; };
		BA781E1326123D95000C4B0B /* DebeView.swift */ = {isa = PBXFileReference; lastKnownFileType = sourcecode.swift; path = DebeView.swift; sourceTree = "<group>"; };
		BA781E182612576D000C4B0B /* BasicView.swift */ = {isa = PBXFileReference; lastKnownFileType = sourcecode.swift; path = BasicView.swift; sourceTree = "<group>"; };
		BA781E1D26130DC4000C4B0B /* SorunsallarView.swift */ = {isa = PBXFileReference; lastKnownFileType = sourcecode.swift; path = SorunsallarView.swift; sourceTree = "<group>"; };
		BA781E3426131961000C4B0B /* GoogleService-Info.plist */ = {isa = PBXFileReference; lastKnownFileType = text.plist; name = "GoogleService-Info.plist"; path = "../../../../Downloads/GoogleService-Info.plist"; sourceTree = "<group>"; };
		BA7D38E62618CC5C0019838A /* CommentsTableViewController.swift */ = {isa = PBXFileReference; lastKnownFileType = sourcecode.swift; path = CommentsTableViewController.swift; sourceTree = "<group>"; };
		BA7D38E92618CCC10019838A /* CommentNavController.swift */ = {isa = PBXFileReference; lastKnownFileType = sourcecode.swift; path = CommentNavController.swift; sourceTree = "<group>"; };
		BA7EB1F6261C35D100F1CB68 /* SingleCommentMain.swift */ = {isa = PBXFileReference; lastKnownFileType = sourcecode.swift; path = SingleCommentMain.swift; sourceTree = "<group>"; };
		BA7EB1FA261C35E600F1CB68 /* SingleCommentBottom.swift */ = {isa = PBXFileReference; lastKnownFileType = sourcecode.swift; path = SingleCommentBottom.swift; sourceTree = "<group>"; };
		BA7EB204261C86F300F1CB68 /* AddNewCommentViewController.swift */ = {isa = PBXFileReference; lastKnownFileType = sourcecode.swift; path = AddNewCommentViewController.swift; sourceTree = "<group>"; };
		BA7EB208261C943F00F1CB68 /* AddNewCommentModel.swift */ = {isa = PBXFileReference; lastKnownFileType = sourcecode.swift; path = AddNewCommentModel.swift; sourceTree = "<group>"; };
		BA7F444A262065EB00751055 /* Firebase.swift */ = {isa = PBXFileReference; lastKnownFileType = sourcecode.swift; path = Firebase.swift; sourceTree = "<group>"; };
		BA7F444E262077B200751055 /* UIView.swift */ = {isa = PBXFileReference; lastKnownFileType = sourcecode.swift; path = UIView.swift; sourceTree = "<group>"; };
		BA82DE34261B2DCB0053DA4A /* CommentNavMenuTopComponent.swift */ = {isa = PBXFileReference; lastKnownFileType = sourcecode.swift; path = CommentNavMenuTopComponent.swift; sourceTree = "<group>"; };
		BA82DE3D261B41A60053DA4A /* CommentsTableModel.swift */ = {isa = PBXFileReference; fileEncoding = 4; lastKnownFileType = sourcecode.swift; path = CommentsTableModel.swift; sourceTree = "<group>"; };
		BA82DE40261B41F50053DA4A /* CommentNavigationMenuView.swift */ = {isa = PBXFileReference; fileEncoding = 4; lastKnownFileType = sourcecode.swift; path = CommentNavigationMenuView.swift; sourceTree = "<group>"; };
		BA85E8F2261DA7CC00F9EC77 /* FavoriteStruct.swift */ = {isa = PBXFileReference; lastKnownFileType = sourcecode.swift; path = FavoriteStruct.swift; sourceTree = "<group>"; };
		BA85E8F5261DDA4200F9EC77 /* LikeStruct.swift */ = {isa = PBXFileReference; lastKnownFileType = sourcecode.swift; path = LikeStruct.swift; sourceTree = "<group>"; };
		BA85E8F9261DEDFD00F9EC77 /* UIViewController.swift */ = {isa = PBXFileReference; lastKnownFileType = sourcecode.swift; path = UIViewController.swift; sourceTree = "<group>"; };
		BA8C9E40261F9EED00DC6055 /* CommentCellBottom.swift */ = {isa = PBXFileReference; lastKnownFileType = sourcecode.swift; path = CommentCellBottom.swift; sourceTree = "<group>"; };
		BA8C9E44261FA2A200DC6055 /* CommentTableCell.swift */ = {isa = PBXFileReference; lastKnownFileType = sourcecode.swift; path = CommentTableCell.swift; sourceTree = "<group>"; };
		BA8C9E47261FB5FA00DC6055 /* CommentCellBottomModel.swift */ = {isa = PBXFileReference; lastKnownFileType = sourcecode.swift; path = CommentCellBottomModel.swift; sourceTree = "<group>"; };
		BAA7BA1B26218F6100D872E1 /* GundemModel.swift */ = {isa = PBXFileReference; lastKnownFileType = sourcecode.swift; path = GundemModel.swift; sourceTree = "<group>"; };
		BAA7BA262621F8C500D872E1 /* customAlert.swift */ = {isa = PBXFileReference; lastKnownFileType = sourcecode.swift; path = customAlert.swift; sourceTree = "<group>"; };
		BAA7BA2A2624579000D872E1 /* CustomAlertCell.swift */ = {isa = PBXFileReference; lastKnownFileType = sourcecode.swift; path = CustomAlertCell.swift; sourceTree = "<group>"; };
		BAA7BA31262468FE00D872E1 /* GundemSettingsStruct.swift */ = {isa = PBXFileReference; lastKnownFileType = sourcecode.swift; path = GundemSettingsStruct.swift; sourceTree = "<group>"; };
/* End PBXFileReference section */

/* Begin PBXFrameworksBuildPhase section */
		BA781DA826122DC5000C4B0B /* Frameworks */ = {
			isa = PBXFrameworksBuildPhase;
			buildActionMask = 2147483647;
			files = (
				AC5CA3BD853A267F0FFD7FB2 /* Pods_EksiSozlukKlon.framework in Frameworks */,
			);
			runOnlyForDeploymentPostprocessing = 0;
		};
/* End PBXFrameworksBuildPhase section */

/* Begin PBXGroup section */
		65B53D5D715E3047DEBE0200 /* Frameworks */ = {
			isa = PBXGroup;
			children = (
				0B15CD14E892D2DE0529BD47 /* Pods_EksiSozlukKlon.framework */,
			);
			name = Frameworks;
			sourceTree = "<group>";
		};
		B7D55E6F40EED3D6FDC8D5BE /* Pods */ = {
			isa = PBXGroup;
			children = (
				00229550F8EBC9348CE2000A /* Pods-EksiSozlukKlon.debug.xcconfig */,
				2F89CC3FEECF3D0EC96C41F1 /* Pods-EksiSozlukKlon.release.xcconfig */,
			);
			path = Pods;
			sourceTree = "<group>";
		};
		BA01156A2614539F00E4799B /* LoginPage */ = {
			isa = PBXGroup;
			children = (
				BA01156B261453CC00E4799B /* LoginViewController.swift */,
				BA648F022615CB6B00972746 /* LoginModel.swift */,
				BA0115732614814000E4799B /* LoginViewModel.swift */,
			);
			path = LoginPage;
			sourceTree = "<group>";
		};
		BA2497AA2613C0BD002B00F0 /* CommonViews&Controllers */ = {
			isa = PBXGroup;
			children = (
				BA0115762614932100E4799B /* LogMutualView.swift */,
				BA781E182612576D000C4B0B /* BasicView.swift */,
				BA2497A72613A8C3002B00F0 /* MutualUnregisterViewController.swift */,
				BA8C9E40261F9EED00DC6055 /* CommentCellBottom.swift */,
				BA8C9E47261FB5FA00DC6055 /* CommentCellBottomModel.swift */,
				BA0115702614543300E4799B /* StackEksi.swift */,
				BA781E092612337A000C4B0B /* MainTableView.swift */,
			);
			path = "CommonViews&Controllers";
			sourceTree = "<group>";
		};
		BA648ED72615B69600972746 /* Services */ = {
			isa = PBXGroup;
			children = (
				BA648ED82615B6A100972746 /* FireBase */,
			);
			path = Services;
			sourceTree = "<group>";
		};
		BA648ED82615B6A100972746 /* FireBase */ = {
			isa = PBXGroup;
			children = (
				BA648ED92615B6BD00972746 /* FirebaseService.swift */,
			);
			path = FireBase;
			sourceTree = "<group>";
		};
		BA67C70A2617417000A064C9 /* BugunComment */ = {
			isa = PBXGroup;
			children = (
				BA7EB203261C86C900F1CB68 /* AddCommentView */,
				BA68F392261BA35B00BA92E6 /* NavControlView */,
				BA68F391261BA34800BA92E6 /* CommentsTableView */,
				BA68F398261BA42D00BA92E6 /* SingleCommentView */,
			);
			path = BugunComment;
			sourceTree = "<group>";
		};
		BA67E84C2614A93D006B11F1 /* LogupPage */ = {
			isa = PBXGroup;
			children = (
				BA67E8542615A21C006B11F1 /* LogupViewController.swift */,
				BA648F052615DCEB00972746 /* LogupModel.swift */,
				BA67E84F2614A9EF006B11F1 /* LogupViewModel.swift */,
			);
			path = LogupPage;
			sourceTree = "<group>";
		};
		BA68F38E261B858400BA92E6 /* Structs&Constant */ = {
			isa = PBXGroup;
			children = (
				BA67C6F52616F0D000A064C9 /* EntryStruct.swift */,
				BA67C70726173CC800A064C9 /* CommentStruct.swift */,
				BA648EDD2615C02B00972746 /* UserStruct.swift */,
				BA85E8F2261DA7CC00F9EC77 /* FavoriteStruct.swift */,
				BAA7BA31262468FE00D872E1 /* GundemSettingsStruct.swift */,
				BA67C6E62616E8CC00A064C9 /* CommentViewCell.swift */,
				BA85E8F5261DDA4200F9EC77 /* LikeStruct.swift */,
				BA67C6F82616F79900A064C9 /* Constant.swift */,
			);
			path = "Structs&Constant";
			sourceTree = "<group>";
		};
		BA68F391261BA34800BA92E6 /* CommentsTableView */ = {
			isa = PBXGroup;
			children = (
				BA82DE37261B3B480053DA4A /* CommentsTableMenuView */,
				BA7D38E62618CC5C0019838A /* CommentsTableViewController.swift */,
				BA8C9E44261FA2A200DC6055 /* CommentTableCell.swift */,
				BA82DE3D261B41A60053DA4A /* CommentsTableModel.swift */,
			);
			path = CommentsTableView;
			sourceTree = "<group>";
		};
		BA68F392261BA35B00BA92E6 /* NavControlView */ = {
			isa = PBXGroup;
			children = (
				BA7D38E92618CCC10019838A /* CommentNavController.swift */,
			);
			path = NavControlView;
			sourceTree = "<group>";
		};
		BA68F398261BA42D00BA92E6 /* SingleCommentView */ = {
			isa = PBXGroup;
			children = (
				BA68F39A261BA47600BA92E6 /* SingleCommentViewController.swift */,
				BA7EB1FA261C35E600F1CB68 /* SingleCommentBottom.swift */,
				BA7EB1F6261C35D100F1CB68 /* SingleCommentMain.swift */,
			);
			path = SingleCommentView;
			sourceTree = "<group>";
		};
		BA781DA226122DC4000C4B0B = {
			isa = PBXGroup;
			children = (
				BA781DAD26122DC5000C4B0B /* EksiSozlukKlon */,
				BA781DAC26122DC5000C4B0B /* Products */,
				B7D55E6F40EED3D6FDC8D5BE /* Pods */,
				65B53D5D715E3047DEBE0200 /* Frameworks */,
			);
			sourceTree = "<group>";
		};
		BA781DAC26122DC5000C4B0B /* Products */ = {
			isa = PBXGroup;
			children = (
				BA781DAB26122DC5000C4B0B /* EksiSozlukKlon.app */,
			);
			name = Products;
			sourceTree = "<group>";
		};
		BA781DAD26122DC5000C4B0B /* EksiSozlukKlon */ = {
			isa = PBXGroup;
			children = (
				BA781DAE26122DC5000C4B0B /* AppDelegate.swift */,
				BA781DB026122DC5000C4B0B /* SceneDelegate.swift */,
				BA781DB426122DC5000C4B0B /* Main.storyboard */,
				BA781DB726122DC5000C4B0B /* Assets.xcassets */,
				BA68F38E261B858400BA92E6 /* Structs&Constant */,
				BA648ED72615B69600972746 /* Services */,
				BA781DDB26123095000C4B0B /* Extension */,
				BA781DD226122FBE000C4B0B /* Enum */,
				BA781DCD26122F85000C4B0B /* Pages */,
				BA781DB926122DC5000C4B0B /* LaunchScreen.storyboard */,
				BA781E3426131961000C4B0B /* GoogleService-Info.plist */,
				BA781DBC26122DC5000C4B0B /* Info.plist */,
			);
			path = EksiSozlukKlon;
			sourceTree = "<group>";
		};
		BA781DCD26122F85000C4B0B /* Pages */ = {
			isa = PBXGroup;
			children = (
				BA67E84C2614A93D006B11F1 /* LogupPage */,
				BA01156A2614539F00E4799B /* LoginPage */,
				BA2497AA2613C0BD002B00F0 /* CommonViews&Controllers */,
				BA781DCE26122F9C000C4B0B /* TabBar */,
				BA781DE1261230FA000C4B0B /* MainPage */,
				BA781E022612327E000C4B0B /* UserControlPage */,
				BA781DFC2612323D000C4B0B /* UpdatePage */,
				BA781DF726123206000C4B0B /* SearchPage */,
				BA781DF2261231B5000C4B0B /* MessagePage */,
			);
			path = Pages;
			sourceTree = "<group>";
		};
		BA781DCE26122F9C000C4B0B /* TabBar */ = {
			isa = PBXGroup;
			children = (
				BA781DCF26122FAF000C4B0B /* TabBar.swift */,
			);
			path = TabBar;
			sourceTree = "<group>";
		};
		BA781DD226122FBE000C4B0B /* Enum */ = {
			isa = PBXGroup;
			children = (
				BA781DD326123041000C4B0B /* Tabbar.swift */,
				BA781DD726123074000C4B0B /* Collections.swift */,
				BA648F0C2615FA0600972746 /* Status.swift */,
			);
			path = Enum;
			sourceTree = "<group>";
		};
		BA781DDB26123095000C4B0B /* Extension */ = {
			isa = PBXGroup;
			children = (
				BA781DDC261230A5000C4B0B /* UIButton.swift */,
				BA85E8F9261DEDFD00F9EC77 /* UIViewController.swift */,
				BA648F092615E73C00972746 /* Date.swift */,
				BA7F444A262065EB00751055 /* Firebase.swift */,
				BA7F444E262077B200751055 /* UIView.swift */,
			);
			path = Extension;
			sourceTree = "<group>";
		};
		BA781DE1261230FA000C4B0B /* MainPage */ = {
			isa = PBXGroup;
			children = (
				BA781DE22612310C000C4B0B /* MainPageController.swift */,
				BA781DE526123131000C4B0B /* MainPageCell.swift */,
				BA781DE82612314C000C4B0B /* MainPageViewModel.swift */,
				BA781DEC26123176000C4B0B /* SubViews */,
			);
			path = MainPage;
			sourceTree = "<group>";
		};
		BA781DEC26123176000C4B0B /* SubViews */ = {
			isa = PBXGroup;
			children = (
				BA781E1C26130DB2000C4B0B /* Sorunsallar */,
				BA781E1626123D9A000C4B0B /* DebeView */,
				BA781E0C26123CA8000C4B0B /* Bugun */,
				BA781DED2612317F000C4B0B /* Gündem */,
			);
			path = SubViews;
			sourceTree = "<group>";
		};
		BA781DED2612317F000C4B0B /* Gündem */ = {
			isa = PBXGroup;
			children = (
				BAA7BA2F2624668400D872E1 /* CustomAlert */,
				BA781DEE2612318F000C4B0B /* GundemView.swift */,
				BAA7BA1B26218F6100D872E1 /* GundemModel.swift */,
			);
			name = "Gündem";
			path = "Gündem";
			sourceTree = "<group>";
		};
		BA781DF2261231B5000C4B0B /* MessagePage */ = {
			isa = PBXGroup;
			children = (
				BA781DF3261231E1000C4B0B /* MessageUnsigned.swift */,
			);
			path = MessagePage;
			sourceTree = "<group>";
		};
		BA781DF726123206000C4B0B /* SearchPage */ = {
			isa = PBXGroup;
			children = (
				BA781DF926123223000C4B0B /* SearchPage.swift */,
			);
			path = SearchPage;
			sourceTree = "<group>";
		};
		BA781DFC2612323D000C4B0B /* UpdatePage */ = {
			isa = PBXGroup;
			children = (
				BA781DFE2612324F000C4B0B /* UpdateUnsigned.swift */,
			);
			path = UpdatePage;
			sourceTree = "<group>";
		};
		BA781E022612327E000C4B0B /* UserControlPage */ = {
			isa = PBXGroup;
			children = (
				BA781E032612328B000C4B0B /* UserControlUnsigned.swift */,
			);
			path = UserControlPage;
			sourceTree = "<group>";
		};
		BA781E0C26123CA8000C4B0B /* Bugun */ = {
			isa = PBXGroup;
			children = (
				BA67C70A2617417000A064C9 /* BugunComment */,
				BA781E0D26123CB0000C4B0B /* BugunView.swift */,
				BA67C6FC2616F9E800A064C9 /* BugunModel.swift */,
			);
			path = Bugun;
			sourceTree = "<group>";
		};
		BA781E1626123D9A000C4B0B /* DebeView */ = {
			isa = PBXGroup;
			children = (
				BA781E1326123D95000C4B0B /* DebeView.swift */,
				BA7015AC2626CA8E00DDF305 /* DebeModel.swift */,
			);
			path = DebeView;
			sourceTree = "<group>";
		};
		BA781E1C26130DB2000C4B0B /* Sorunsallar */ = {
			isa = PBXGroup;
			children = (
				BA781E1D26130DC4000C4B0B /* SorunsallarView.swift */,
			);
			path = Sorunsallar;
			sourceTree = "<group>";
		};
		BA7EB203261C86C900F1CB68 /* AddCommentView */ = {
			isa = PBXGroup;
			children = (
				BA7EB204261C86F300F1CB68 /* AddNewCommentViewController.swift */,
				BA7EB208261C943F00F1CB68 /* AddNewCommentModel.swift */,
			);
			path = AddCommentView;
			sourceTree = "<group>";
		};
		BA82DE37261B3B480053DA4A /* CommentsTableMenuView */ = {
			isa = PBXGroup;
			children = (
				BA82DE40261B41F50053DA4A /* CommentNavigationMenuView.swift */,
				BA82DE34261B2DCB0053DA4A /* CommentNavMenuTopComponent.swift */,
			);
			path = CommentsTableMenuView;
			sourceTree = "<group>";
		};
		BAA7BA2F2624668400D872E1 /* CustomAlert */ = {
			isa = PBXGroup;
			children = (
				BAA7BA262621F8C500D872E1 /* customAlert.swift */,
				BAA7BA2A2624579000D872E1 /* CustomAlertCell.swift */,
			);
			path = CustomAlert;
			sourceTree = "<group>";
		};
/* End PBXGroup section */

/* Begin PBXNativeTarget section */
		BA781DAA26122DC5000C4B0B /* EksiSozlukKlon */ = {
			isa = PBXNativeTarget;
			buildConfigurationList = BA781DBF26122DC5000C4B0B /* Build configuration list for PBXNativeTarget "EksiSozlukKlon" */;
			buildPhases = (
				170C0410880311C42D961535 /* [CP] Check Pods Manifest.lock */,
				BA781DA726122DC5000C4B0B /* Sources */,
				BA781DA826122DC5000C4B0B /* Frameworks */,
				BA781DA926122DC5000C4B0B /* Resources */,
				26C39CF78742AF8F496C9B95 /* [CP] Embed Pods Frameworks */,
			);
			buildRules = (
			);
			dependencies = (
			);
			name = EksiSozlukKlon;
			productName = EksiSozlukKlon;
			productReference = BA781DAB26122DC5000C4B0B /* EksiSozlukKlon.app */;
			productType = "com.apple.product-type.application";
		};
/* End PBXNativeTarget section */

/* Begin PBXProject section */
		BA781DA326122DC4000C4B0B /* Project object */ = {
			isa = PBXProject;
			attributes = {
				LastSwiftUpdateCheck = 1240;
				LastUpgradeCheck = 1240;
				TargetAttributes = {
					BA781DAA26122DC5000C4B0B = {
						CreatedOnToolsVersion = 12.4;
					};
				};
			};
			buildConfigurationList = BA781DA626122DC5000C4B0B /* Build configuration list for PBXProject "EksiSozlukKlon" */;
			compatibilityVersion = "Xcode 9.3";
			developmentRegion = en;
			hasScannedForEncodings = 0;
			knownRegions = (
				en,
				Base,
			);
			mainGroup = BA781DA226122DC4000C4B0B;
			productRefGroup = BA781DAC26122DC5000C4B0B /* Products */;
			projectDirPath = "";
			projectRoot = "";
			targets = (
				BA781DAA26122DC5000C4B0B /* EksiSozlukKlon */,
			);
		};
/* End PBXProject section */

/* Begin PBXResourcesBuildPhase section */
		BA781DA926122DC5000C4B0B /* Resources */ = {
			isa = PBXResourcesBuildPhase;
			buildActionMask = 2147483647;
			files = (
				BA781DBB26122DC5000C4B0B /* LaunchScreen.storyboard in Resources */,
				BA781E3526131961000C4B0B /* GoogleService-Info.plist in Resources */,
				BA781DB826122DC5000C4B0B /* Assets.xcassets in Resources */,
				BA781DB626122DC5000C4B0B /* Main.storyboard in Resources */,
			);
			runOnlyForDeploymentPostprocessing = 0;
		};
/* End PBXResourcesBuildPhase section */

/* Begin PBXShellScriptBuildPhase section */
		170C0410880311C42D961535 /* [CP] Check Pods Manifest.lock */ = {
			isa = PBXShellScriptBuildPhase;
			buildActionMask = 2147483647;
			files = (
			);
			inputFileListPaths = (
			);
			inputPaths = (
				"${PODS_PODFILE_DIR_PATH}/Podfile.lock",
				"${PODS_ROOT}/Manifest.lock",
			);
			name = "[CP] Check Pods Manifest.lock";
			outputFileListPaths = (
			);
			outputPaths = (
				"$(DERIVED_FILE_DIR)/Pods-EksiSozlukKlon-checkManifestLockResult.txt",
			);
			runOnlyForDeploymentPostprocessing = 0;
			shellPath = /bin/sh;
			shellScript = "diff \"${PODS_PODFILE_DIR_PATH}/Podfile.lock\" \"${PODS_ROOT}/Manifest.lock\" > /dev/null\nif [ $? != 0 ] ; then\n    # print error to STDERR\n    echo \"error: The sandbox is not in sync with the Podfile.lock. Run 'pod install' or update your CocoaPods installation.\" >&2\n    exit 1\nfi\n# This output is used by Xcode 'outputs' to avoid re-running this script phase.\necho \"SUCCESS\" > \"${SCRIPT_OUTPUT_FILE_0}\"\n";
			showEnvVarsInLog = 0;
		};
		26C39CF78742AF8F496C9B95 /* [CP] Embed Pods Frameworks */ = {
			isa = PBXShellScriptBuildPhase;
			buildActionMask = 2147483647;
			files = (
			);
			inputFileListPaths = (
				"${PODS_ROOT}/Target Support Files/Pods-EksiSozlukKlon/Pods-EksiSozlukKlon-frameworks-${CONFIGURATION}-input-files.xcfilelist",
			);
			name = "[CP] Embed Pods Frameworks";
			outputFileListPaths = (
				"${PODS_ROOT}/Target Support Files/Pods-EksiSozlukKlon/Pods-EksiSozlukKlon-frameworks-${CONFIGURATION}-output-files.xcfilelist",
			);
			runOnlyForDeploymentPostprocessing = 0;
			shellPath = /bin/sh;
			shellScript = "\"${PODS_ROOT}/Target Support Files/Pods-EksiSozlukKlon/Pods-EksiSozlukKlon-frameworks.sh\"\n";
			showEnvVarsInLog = 0;
		};
/* End PBXShellScriptBuildPhase section */

/* Begin PBXSourcesBuildPhase section */
		BA781DA726122DC5000C4B0B /* Sources */ = {
			isa = PBXSourcesBuildPhase;
			buildActionMask = 2147483647;
			files = (
				BA0115742614814100E4799B /* LoginViewModel.swift in Sources */,
				BA01156C261453CC00E4799B /* LoginViewController.swift in Sources */,
				BA7F444F262077B200751055 /* UIView.swift in Sources */,
				BA648EDE2615C02B00972746 /* UserStruct.swift in Sources */,
				BAA7BA1C26218F6100D872E1 /* GundemModel.swift in Sources */,
				BA648F0A2615E73C00972746 /* Date.swift in Sources */,
				BA781E1426123D95000C4B0B /* DebeView.swift in Sources */,
				BAA7BA2B2624579000D872E1 /* CustomAlertCell.swift in Sources */,
				BA67C6FD2616F9E800A064C9 /* BugunModel.swift in Sources */,
				BA781DF4261231E1000C4B0B /* MessageUnsigned.swift in Sources */,
				BA7EB209261C943F00F1CB68 /* AddNewCommentModel.swift in Sources */,
				BAA7BA32262468FE00D872E1 /* GundemSettingsStruct.swift in Sources */,
				BA82DE41261B41F50053DA4A /* CommentNavigationMenuView.swift in Sources */,
				BA781DD026122FAF000C4B0B /* TabBar.swift in Sources */,
				BA0115712614543300E4799B /* StackEksi.swift in Sources */,
				BA7EB1FB261C35E600F1CB68 /* SingleCommentBottom.swift in Sources */,
				BA781DFA26123223000C4B0B /* SearchPage.swift in Sources */,
				BA781E042612328B000C4B0B /* UserControlUnsigned.swift in Sources */,
				BA781DAF26122DC5000C4B0B /* AppDelegate.swift in Sources */,
				BA82DE3E261B41A60053DA4A /* CommentsTableModel.swift in Sources */,
				BA67C6F92616F79900A064C9 /* Constant.swift in Sources */,
				BA68F39B261BA47600BA92E6 /* SingleCommentViewController.swift in Sources */,
				BA781E0E26123CB0000C4B0B /* BugunView.swift in Sources */,
				BA67C70826173CC800A064C9 /* CommentStruct.swift in Sources */,
				BA8C9E48261FB5FA00DC6055 /* CommentCellBottomModel.swift in Sources */,
				BA7EB1F7261C35D100F1CB68 /* SingleCommentMain.swift in Sources */,
				BA781DB126122DC5000C4B0B /* SceneDelegate.swift in Sources */,
				BA2497A82613A8C3002B00F0 /* MutualUnregisterViewController.swift in Sources */,
				BA67E8552615A21C006B11F1 /* LogupViewController.swift in Sources */,
				BA781DD426123041000C4B0B /* Tabbar.swift in Sources */,
				BA781DD826123074000C4B0B /* Collections.swift in Sources */,
				BA781DEF2612318F000C4B0B /* GundemView.swift in Sources */,
				BA781DE32612310C000C4B0B /* MainPageController.swift in Sources */,
				BA8C9E45261FA2A200DC6055 /* CommentTableCell.swift in Sources */,
				BA85E8F6261DDA4200F9EC77 /* LikeStruct.swift in Sources */,
				BA7015AD2626CA8E00DDF305 /* DebeModel.swift in Sources */,
				BA85E8F3261DA7CC00F9EC77 /* FavoriteStruct.swift in Sources */,
				BA648F062615DCEB00972746 /* LogupModel.swift in Sources */,
				BA648EDA2615B6BD00972746 /* FirebaseService.swift in Sources */,
				BA67C6E72616E8CC00A064C9 /* CommentViewCell.swift in Sources */,
				BA7D38E72618CC5C0019838A /* CommentsTableViewController.swift in Sources */,
				BA67E8502614A9EF006B11F1 /* LogupViewModel.swift in Sources */,
				BA781DDD261230A5000C4B0B /* UIButton.swift in Sources */,
				BA7EB205261C86F300F1CB68 /* AddNewCommentViewController.swift in Sources */,
				BA781DFF2612324F000C4B0B /* UpdateUnsigned.swift in Sources */,
				BA7D38EA2618CCC10019838A /* CommentNavController.swift in Sources */,
				BA781E0A2612337A000C4B0B /* MainTableView.swift in Sources */,
				BA7F444B262065EB00751055 /* Firebase.swift in Sources */,
				BA648F0D2615FA0600972746 /* Status.swift in Sources */,
				BA0115772614932100E4799B /* LogMutualView.swift in Sources */,
				BA648F032615CB6B00972746 /* LoginModel.swift in Sources */,
				BA82DE35261B2DCB0053DA4A /* CommentNavMenuTopComponent.swift in Sources */,
				BA85E8FA261DEDFD00F9EC77 /* UIViewController.swift in Sources */,
				BA781DE92612314C000C4B0B /* MainPageViewModel.swift in Sources */,
				BA781E192612576D000C4B0B /* BasicView.swift in Sources */,
				BA67C6F62616F0D000A064C9 /* EntryStruct.swift in Sources */,
				BA8C9E41261F9EED00DC6055 /* CommentCellBottom.swift in Sources */,
				BA781E1E26130DC4000C4B0B /* SorunsallarView.swift in Sources */,
				BA781DE626123131000C4B0B /* MainPageCell.swift in Sources */,
				BAA7BA272621F8C500D872E1 /* customAlert.swift in Sources */,
			);
			runOnlyForDeploymentPostprocessing = 0;
		};
/* End PBXSourcesBuildPhase section */

/* Begin PBXVariantGroup section */
		BA781DB426122DC5000C4B0B /* Main.storyboard */ = {
			isa = PBXVariantGroup;
			children = (
				BA781DB526122DC5000C4B0B /* Base */,
			);
			name = Main.storyboard;
			sourceTree = "<group>";
		};
		BA781DB926122DC5000C4B0B /* LaunchScreen.storyboard */ = {
			isa = PBXVariantGroup;
			children = (
				BA781DBA26122DC5000C4B0B /* Base */,
			);
			name = LaunchScreen.storyboard;
			sourceTree = "<group>";
		};
/* End PBXVariantGroup section */

/* Begin XCBuildConfiguration section */
		BA781DBD26122DC5000C4B0B /* Debug */ = {
			isa = XCBuildConfiguration;
			buildSettings = {
				ALWAYS_SEARCH_USER_PATHS = NO;
				CLANG_ANALYZER_NONNULL = YES;
				CLANG_ANALYZER_NUMBER_OBJECT_CONVERSION = YES_AGGRESSIVE;
				CLANG_CXX_LANGUAGE_STANDARD = "gnu++14";
				CLANG_CXX_LIBRARY = "libc++";
				CLANG_ENABLE_MODULES = YES;
				CLANG_ENABLE_OBJC_ARC = YES;
				CLANG_ENABLE_OBJC_WEAK = YES;
				CLANG_WARN_BLOCK_CAPTURE_AUTORELEASING = YES;
				CLANG_WARN_BOOL_CONVERSION = YES;
				CLANG_WARN_COMMA = YES;
				CLANG_WARN_CONSTANT_CONVERSION = YES;
				CLANG_WARN_DEPRECATED_OBJC_IMPLEMENTATIONS = YES;
				CLANG_WARN_DIRECT_OBJC_ISA_USAGE = YES_ERROR;
				CLANG_WARN_DOCUMENTATION_COMMENTS = YES;
				CLANG_WARN_EMPTY_BODY = YES;
				CLANG_WARN_ENUM_CONVERSION = YES;
				CLANG_WARN_INFINITE_RECURSION = YES;
				CLANG_WARN_INT_CONVERSION = YES;
				CLANG_WARN_NON_LITERAL_NULL_CONVERSION = YES;
				CLANG_WARN_OBJC_IMPLICIT_RETAIN_SELF = YES;
				CLANG_WARN_OBJC_LITERAL_CONVERSION = YES;
				CLANG_WARN_OBJC_ROOT_CLASS = YES_ERROR;
				CLANG_WARN_QUOTED_INCLUDE_IN_FRAMEWORK_HEADER = YES;
				CLANG_WARN_RANGE_LOOP_ANALYSIS = YES;
				CLANG_WARN_STRICT_PROTOTYPES = YES;
				CLANG_WARN_SUSPICIOUS_MOVE = YES;
				CLANG_WARN_UNGUARDED_AVAILABILITY = YES_AGGRESSIVE;
				CLANG_WARN_UNREACHABLE_CODE = YES;
				CLANG_WARN__DUPLICATE_METHOD_MATCH = YES;
				COPY_PHASE_STRIP = NO;
				DEBUG_INFORMATION_FORMAT = dwarf;
				ENABLE_STRICT_OBJC_MSGSEND = YES;
				ENABLE_TESTABILITY = YES;
				GCC_C_LANGUAGE_STANDARD = gnu11;
				GCC_DYNAMIC_NO_PIC = NO;
				GCC_NO_COMMON_BLOCKS = YES;
				GCC_OPTIMIZATION_LEVEL = 0;
				GCC_PREPROCESSOR_DEFINITIONS = (
					"DEBUG=1",
					"$(inherited)",
				);
				GCC_WARN_64_TO_32_BIT_CONVERSION = YES;
				GCC_WARN_ABOUT_RETURN_TYPE = YES_ERROR;
				GCC_WARN_UNDECLARED_SELECTOR = YES;
				GCC_WARN_UNINITIALIZED_AUTOS = YES_AGGRESSIVE;
				GCC_WARN_UNUSED_FUNCTION = YES;
				GCC_WARN_UNUSED_VARIABLE = YES;
				IPHONEOS_DEPLOYMENT_TARGET = 14.4;
				MTL_ENABLE_DEBUG_INFO = INCLUDE_SOURCE;
				MTL_FAST_MATH = YES;
				ONLY_ACTIVE_ARCH = YES;
				SDKROOT = iphoneos;
				SWIFT_ACTIVE_COMPILATION_CONDITIONS = DEBUG;
				SWIFT_OPTIMIZATION_LEVEL = "-Onone";
			};
			name = Debug;
		};
		BA781DBE26122DC5000C4B0B /* Release */ = {
			isa = XCBuildConfiguration;
			buildSettings = {
				ALWAYS_SEARCH_USER_PATHS = NO;
				CLANG_ANALYZER_NONNULL = YES;
				CLANG_ANALYZER_NUMBER_OBJECT_CONVERSION = YES_AGGRESSIVE;
				CLANG_CXX_LANGUAGE_STANDARD = "gnu++14";
				CLANG_CXX_LIBRARY = "libc++";
				CLANG_ENABLE_MODULES = YES;
				CLANG_ENABLE_OBJC_ARC = YES;
				CLANG_ENABLE_OBJC_WEAK = YES;
				CLANG_WARN_BLOCK_CAPTURE_AUTORELEASING = YES;
				CLANG_WARN_BOOL_CONVERSION = YES;
				CLANG_WARN_COMMA = YES;
				CLANG_WARN_CONSTANT_CONVERSION = YES;
				CLANG_WARN_DEPRECATED_OBJC_IMPLEMENTATIONS = YES;
				CLANG_WARN_DIRECT_OBJC_ISA_USAGE = YES_ERROR;
				CLANG_WARN_DOCUMENTATION_COMMENTS = YES;
				CLANG_WARN_EMPTY_BODY = YES;
				CLANG_WARN_ENUM_CONVERSION = YES;
				CLANG_WARN_INFINITE_RECURSION = YES;
				CLANG_WARN_INT_CONVERSION = YES;
				CLANG_WARN_NON_LITERAL_NULL_CONVERSION = YES;
				CLANG_WARN_OBJC_IMPLICIT_RETAIN_SELF = YES;
				CLANG_WARN_OBJC_LITERAL_CONVERSION = YES;
				CLANG_WARN_OBJC_ROOT_CLASS = YES_ERROR;
				CLANG_WARN_QUOTED_INCLUDE_IN_FRAMEWORK_HEADER = YES;
				CLANG_WARN_RANGE_LOOP_ANALYSIS = YES;
				CLANG_WARN_STRICT_PROTOTYPES = YES;
				CLANG_WARN_SUSPICIOUS_MOVE = YES;
				CLANG_WARN_UNGUARDED_AVAILABILITY = YES_AGGRESSIVE;
				CLANG_WARN_UNREACHABLE_CODE = YES;
				CLANG_WARN__DUPLICATE_METHOD_MATCH = YES;
				COPY_PHASE_STRIP = NO;
				DEBUG_INFORMATION_FORMAT = "dwarf-with-dsym";
				ENABLE_NS_ASSERTIONS = NO;
				ENABLE_STRICT_OBJC_MSGSEND = YES;
				GCC_C_LANGUAGE_STANDARD = gnu11;
				GCC_NO_COMMON_BLOCKS = YES;
				GCC_WARN_64_TO_32_BIT_CONVERSION = YES;
				GCC_WARN_ABOUT_RETURN_TYPE = YES_ERROR;
				GCC_WARN_UNDECLARED_SELECTOR = YES;
				GCC_WARN_UNINITIALIZED_AUTOS = YES_AGGRESSIVE;
				GCC_WARN_UNUSED_FUNCTION = YES;
				GCC_WARN_UNUSED_VARIABLE = YES;
				IPHONEOS_DEPLOYMENT_TARGET = 14.4;
				MTL_ENABLE_DEBUG_INFO = NO;
				MTL_FAST_MATH = YES;
				SDKROOT = iphoneos;
				SWIFT_COMPILATION_MODE = wholemodule;
				SWIFT_OPTIMIZATION_LEVEL = "-O";
				VALIDATE_PRODUCT = YES;
			};
			name = Release;
		};
		BA781DC026122DC5000C4B0B /* Debug */ = {
			isa = XCBuildConfiguration;
			baseConfigurationReference = 00229550F8EBC9348CE2000A /* Pods-EksiSozlukKlon.debug.xcconfig */;
			buildSettings = {
				ASSETCATALOG_COMPILER_APPICON_NAME = AppIcon;
				ASSETCATALOG_COMPILER_GLOBAL_ACCENT_COLOR_NAME = AccentColor;
				CODE_SIGN_STYLE = Automatic;
				DEVELOPMENT_TEAM = L3BFY9Y29C;
				INFOPLIST_FILE = EksiSozlukKlon/Info.plist;
				LD_RUNPATH_SEARCH_PATHS = (
					"$(inherited)",
					"@executable_path/Frameworks",
				);
				PRODUCT_BUNDLE_IDENTIFIER = com.fatihdogan.EksiSozlukKlon;
				PRODUCT_NAME = "$(TARGET_NAME)";
				SWIFT_VERSION = 5.0;
				TARGETED_DEVICE_FAMILY = 1;
			};
			name = Debug;
		};
		BA781DC126122DC5000C4B0B /* Release */ = {
			isa = XCBuildConfiguration;
			baseConfigurationReference = 2F89CC3FEECF3D0EC96C41F1 /* Pods-EksiSozlukKlon.release.xcconfig */;
			buildSettings = {
				ASSETCATALOG_COMPILER_APPICON_NAME = AppIcon;
				ASSETCATALOG_COMPILER_GLOBAL_ACCENT_COLOR_NAME = AccentColor;
				CODE_SIGN_STYLE = Automatic;
				DEVELOPMENT_TEAM = L3BFY9Y29C;
				INFOPLIST_FILE = EksiSozlukKlon/Info.plist;
				LD_RUNPATH_SEARCH_PATHS = (
					"$(inherited)",
					"@executable_path/Frameworks",
				);
				PRODUCT_BUNDLE_IDENTIFIER = com.fatihdogan.EksiSozlukKlon;
				PRODUCT_NAME = "$(TARGET_NAME)";
				SWIFT_VERSION = 5.0;
				TARGETED_DEVICE_FAMILY = 1;
			};
			name = Release;
		};
/* End XCBuildConfiguration section */

/* Begin XCConfigurationList section */
		BA781DA626122DC5000C4B0B /* Build configuration list for PBXProject "EksiSozlukKlon" */ = {
			isa = XCConfigurationList;
			buildConfigurations = (
				BA781DBD26122DC5000C4B0B /* Debug */,
				BA781DBE26122DC5000C4B0B /* Release */,
			);
			defaultConfigurationIsVisible = 0;
			defaultConfigurationName = Release;
		};
		BA781DBF26122DC5000C4B0B /* Build configuration list for PBXNativeTarget "EksiSozlukKlon" */ = {
			isa = XCConfigurationList;
			buildConfigurations = (
				BA781DC026122DC5000C4B0B /* Debug */,
				BA781DC126122DC5000C4B0B /* Release */,
			);
			defaultConfigurationIsVisible = 0;
			defaultConfigurationName = Release;
		};
/* End XCConfigurationList section */
	};
	rootObject = BA781DA326122DC4000C4B0B /* Project object */;
}
